
Microsoft Visual Studio Solution File, Format Version 12.00
# Visual Studio Version 16
VisualStudioVersion = 16.0.30413.136
MinimumVisualStudioVersion = 10.0.40219.1
Project("{FAE04EC0-301F-11D3-BF4B-00C04F79EFBC}") = "KaleSorusu", "KaleSorusu.csproj", "{11567E0B-7E56-4BBA-887F-FE16DAFFE42A}"
EndProject
Global
	GlobalSection(SolutionConfigurationPlatforms) = preSolution
		Debug|Any CPU = Debug|Any CPU
		Release|Any CPU = Release|Any CPU
	EndGlobalSection
	GlobalSection(ProjectConfigurationPlatforms) = postSolution
		{11567E0B-7E56-4BBA-887F-FE16DAFFE42A}.Debug|Any CPU.ActiveCfg = Debug|Any CPU
		{11567E0B-7E56-4BBA-887F-FE16DAFFE42A}.Debug|Any CPU.Build.0 = Debug|Any CPU
		{11567E0B-7E56-4BBA-887F-FE16DAFFE42A}.Release|Any CPU.ActiveCfg = Release|Any CPU
		{11567E0B-7E56-4BBA-887F-FE16DAFFE42A}.Release|Any CPU.Build.0 = Release|Any CPU
	EndGlobalSection
	GlobalSection(SolutionProperties) = preSolution
		HideSolutionNode = FALSE
	EndGlobalSection
	GlobalSection(ExtensibilityGlobals) = postSolution
		SolutionGuid = {45E82D68-9DA8-4200-95DF-25C4CB81A87D}
	EndGlobalSection
EndGlobal
