
Microsoft Visual Studio Solution File, Format Version 12.00
# Visual Studio Version 16
VisualStudioVersion = 16.0.31205.134
MinimumVisualStudioVersion = 10.0.40219.1
Project("{FAE04EC0-301F-11D3-BF4B-00C04F79EFBC}") = "MeyveSikacagi", "MeyveSikacagi.csproj", "{C639FF94-AEB0-432D-8A81-08EE8E4ED36C}"
EndProject
Global
	GlobalSection(SolutionConfigurationPlatforms) = preSolution
		Debug|Any CPU = Debug|Any CPU
		Release|Any CPU = Release|Any CPU
	EndGlobalSection
	GlobalSection(ProjectConfigurationPlatforms) = postSolution
		{C639FF94-AEB0-432D-8A81-08EE8E4ED36C}.Debug|Any CPU.ActiveCfg = Debug|Any CPU
		{C639FF94-AEB0-432D-8A81-08EE8E4ED36C}.Debug|Any CPU.Build.0 = Debug|Any CPU
		{C639FF94-AEB0-432D-8A81-08EE8E4ED36C}.Release|Any CPU.ActiveCfg = Release|Any CPU
		{C639FF94-AEB0-432D-8A81-08EE8E4ED36C}.Release|Any CPU.Build.0 = Release|Any CPU
	EndGlobalSection
	GlobalSection(SolutionProperties) = preSolution
		HideSolutionNode = FALSE
	EndGlobalSection
	GlobalSection(ExtensibilityGlobals) = postSolution
		SolutionGuid = {E96EDD86-0608-450E-9B5A-A1A53FBA0814}
	EndGlobalSection
EndGlobal
